// !$*UTF8*$!
{
	archiveVersion = 1;
	classes = {
	};
	objectVersion = 46;
	objects = {

/* Begin PBXBuildFile section */
		C608542C196DEED000A05614 /* VWWLocationSearchViewController.m in Sources */ = {isa = PBXBuildFile; fileRef = C608542B196DEED000A05614 /* VWWLocationSearchViewController.m */; };
		C608542F196DF12700A05614 /* VWWBackgroundView.m in Sources */ = {isa = PBXBuildFile; fileRef = C608542E196DF12700A05614 /* VWWBackgroundView.m */; };
		C6A9FB67196CB3F9002F2767 /* main.m in Sources */ = {isa = PBXBuildFile; fileRef = C6A9FB66196CB3F9002F2767 /* main.m */; };
		C6A9FB6A196CB3F9002F2767 /* VWWMainViewController.m in Sources */ = {isa = PBXBuildFile; fileRef = C6A9FB69196CB3F9002F2767 /* VWWMainViewController.m */; };
		C6A9FB6D196CB3F9002F2767 /* AppDelegate.m in Sources */ = {isa = PBXBuildFile; fileRef = C6A9FB6C196CB3F9002F2767 /* AppDelegate.m */; };
		C6A9FB6F196CB3F9002F2767 /* Images.xcassets in Resources */ = {isa = PBXBuildFile; fileRef = C6A9FB6E196CB3F9002F2767 /* Images.xcassets */; };
		C6A9FB72196CB3F9002F2767 /* Main.storyboard in Resources */ = {isa = PBXBuildFile; fileRef = C6A9FB70196CB3F9002F2767 /* Main.storyboard */; };
		C6A9FB7E196CB3F9002F2767 /* MetadataOSXTests.m in Sources */ = {isa = PBXBuildFile; fileRef = C6A9FB7D196CB3F9002F2767 /* MetadataOSXTests.m */; };
		C6A9FB89196CB5BB002F2767 /* VWWContentItem.m in Sources */ = {isa = PBXBuildFile; fileRef = C6A9FB88196CB5BB002F2767 /* VWWContentItem.m */; };
		C6DF0D34196DB24800C48DB6 /* VWWPlacesController.m in Sources */ = {isa = PBXBuildFile; fileRef = C6DF0D33196DB24800C48DB6 /* VWWPlacesController.m */; };
		CF2D6FDF1970CA4100C6B9AE /* VWWPreferencesViewController.m in Sources */ = {isa = PBXBuildFile; fileRef = CF2D6FDE1970CA4100C6B9AE /* VWWPreferencesViewController.m */; };
		CF2D6FE31970CA4E00C6B9AE /* VWWHelpViewController.m in Sources */ = {isa = PBXBuildFile; fileRef = CF2D6FE11970CA4D00C6B9AE /* VWWHelpViewController.m */; };
		CF49E628196E23BD00DBD501 /* MapKit.framework in Frameworks */ = {isa = PBXBuildFile; fileRef = CF49E627196E23BD00DBD501 /* MapKit.framework */; };
		CF49E62C196E257E00DBD501 /* FileSystemItem.m in Sources */ = {isa = PBXBuildFile; fileRef = CF49E62A196E257E00DBD501 /* FileSystemItem.m */; };
		CF58C1AD196FB83C00C802C1 /* VWWMetadataController.m in Sources */ = {isa = PBXBuildFile; fileRef = CF58C1AC196FB83C00C802C1 /* VWWMetadataController.m */; };
		CFC4F212196F72E300EC0575 /* VWWMetadataViewController.m in Sources */ = {isa = PBXBuildFile; fileRef = CFC4F211196F72E300EC0575 /* VWWMetadataViewController.m */; };
		CFC4F216196FA9BB00EC0575 /* VWWReportViewController.m in Sources */ = {isa = PBXBuildFile; fileRef = CFC4F214196FA9BB00EC0575 /* VWWReportViewController.m */; };
/* End PBXBuildFile section */

/* Begin PBXContainerItemProxy section */
		C6A9FB78196CB3F9002F2767 /* PBXContainerItemProxy */ = {
			isa = PBXContainerItemProxy;
			containerPortal = C6A9FB59196CB3F9002F2767 /* Project object */;
			proxyType = 1;
			remoteGlobalIDString = C6A9FB60196CB3F9002F2767;
			remoteInfo = MetadataOSX;
		};
/* End PBXContainerItemProxy section */

/* Begin PBXFileReference section */
		C608542A196DEED000A05614 /* VWWLocationSearchViewController.h */ = {isa = PBXFileReference; fileEncoding = 4; lastKnownFileType = sourcecode.c.h; path = VWWLocationSearchViewController.h; sourceTree = "<group>"; };
		C608542B196DEED000A05614 /* VWWLocationSearchViewController.m */ = {isa = PBXFileReference; fileEncoding = 4; lastKnownFileType = sourcecode.c.objc; path = VWWLocationSearchViewController.m; sourceTree = "<group>"; };
		C608542D196DF12700A05614 /* VWWBackgroundView.h */ = {isa = PBXFileReference; fileEncoding = 4; lastKnownFileType = sourcecode.c.h; path = VWWBackgroundView.h; sourceTree = "<group>"; };
		C608542E196DF12700A05614 /* VWWBackgroundView.m */ = {isa = PBXFileReference; fileEncoding = 4; lastKnownFileType = sourcecode.c.objc; path = VWWBackgroundView.m; sourceTree = "<group>"; };
		C6A9FB61196CB3F9002F2767 /* Throwback.app */ = {isa = PBXFileReference; explicitFileType = wrapper.application; includeInIndex = 0; path = Throwback.app; sourceTree = BUILT_PRODUCTS_DIR; };
		C6A9FB65196CB3F9002F2767 /* Info.plist */ = {isa = PBXFileReference; lastKnownFileType = text.plist.xml; path = Info.plist; sourceTree = "<group>"; };
		C6A9FB66196CB3F9002F2767 /* main.m */ = {isa = PBXFileReference; lastKnownFileType = sourcecode.c.objc; path = main.m; sourceTree = "<group>"; };
		C6A9FB68196CB3F9002F2767 /* VWWMainViewController.h */ = {isa = PBXFileReference; lastKnownFileType = sourcecode.c.h; path = VWWMainViewController.h; sourceTree = "<group>"; };
		C6A9FB69196CB3F9002F2767 /* VWWMainViewController.m */ = {isa = PBXFileReference; lastKnownFileType = sourcecode.c.objc; path = VWWMainViewController.m; sourceTree = "<group>"; };
		C6A9FB6B196CB3F9002F2767 /* AppDelegate.h */ = {isa = PBXFileReference; lastKnownFileType = sourcecode.c.h; path = AppDelegate.h; sourceTree = "<group>"; };
		C6A9FB6C196CB3F9002F2767 /* AppDelegate.m */ = {isa = PBXFileReference; lastKnownFileType = sourcecode.c.objc; path = AppDelegate.m; sourceTree = "<group>"; };
		C6A9FB6E196CB3F9002F2767 /* Images.xcassets */ = {isa = PBXFileReference; lastKnownFileType = folder.assetcatalog; path = Images.xcassets; sourceTree = "<group>"; };
		C6A9FB71196CB3F9002F2767 /* Base */ = {isa = PBXFileReference; lastKnownFileType = file.storyboard; name = Base; path = Base.lproj/Main.storyboard; sourceTree = "<group>"; };
		C6A9FB77196CB3F9002F2767 /* ThrowbackTests.xctest */ = {isa = PBXFileReference; explicitFileType = wrapper.cfbundle; includeInIndex = 0; path = ThrowbackTests.xctest; sourceTree = BUILT_PRODUCTS_DIR; };
		C6A9FB7C196CB3F9002F2767 /* Info.plist */ = {isa = PBXFileReference; lastKnownFileType = text.plist.xml; path = Info.plist; sourceTree = "<group>"; };
		C6A9FB7D196CB3F9002F2767 /* MetadataOSXTests.m */ = {isa = PBXFileReference; lastKnownFileType = sourcecode.c.objc; path = MetadataOSXTests.m; sourceTree = "<group>"; };
		C6A9FB87196CB5BB002F2767 /* VWWContentItem.h */ = {isa = PBXFileReference; fileEncoding = 4; lastKnownFileType = sourcecode.c.h; path = VWWContentItem.h; sourceTree = "<group>"; };
		C6A9FB88196CB5BB002F2767 /* VWWContentItem.m */ = {isa = PBXFileReference; fileEncoding = 4; lastKnownFileType = sourcecode.c.objc; path = VWWContentItem.m; sourceTree = "<group>"; };
		C6DF0D32196DB24800C48DB6 /* VWWPlacesController.h */ = {isa = PBXFileReference; fileEncoding = 4; lastKnownFileType = sourcecode.c.h; path = VWWPlacesController.h; sourceTree = "<group>"; };
		C6DF0D33196DB24800C48DB6 /* VWWPlacesController.m */ = {isa = PBXFileReference; fileEncoding = 4; lastKnownFileType = sourcecode.c.objc; path = VWWPlacesController.m; sourceTree = "<group>"; };
		CF2D6FDD1970CA4100C6B9AE /* VWWPreferencesViewController.h */ = {isa = PBXFileReference; fileEncoding = 4; lastKnownFileType = sourcecode.c.h; path = VWWPreferencesViewController.h; sourceTree = "<group>"; };
		CF2D6FDE1970CA4100C6B9AE /* VWWPreferencesViewController.m */ = {isa = PBXFileReference; fileEncoding = 4; lastKnownFileType = sourcecode.c.objc; path = VWWPreferencesViewController.m; sourceTree = "<group>"; };
		CF2D6FE01970CA4D00C6B9AE /* VWWHelpViewController.h */ = {isa = PBXFileReference; fileEncoding = 4; lastKnownFileType = sourcecode.c.h; path = VWWHelpViewController.h; sourceTree = "<group>"; };
		CF2D6FE11970CA4D00C6B9AE /* VWWHelpViewController.m */ = {isa = PBXFileReference; fileEncoding = 4; lastKnownFileType = sourcecode.c.objc; path = VWWHelpViewController.m; sourceTree = "<group>"; };
		CF49E627196E23BD00DBD501 /* MapKit.framework */ = {isa = PBXFileReference; lastKnownFileType = wrapper.framework; name = MapKit.framework; path = System/Library/Frameworks/MapKit.framework; sourceTree = SDKROOT; };
		CF49E629196E23BD00DBD501 /* MetadataOSX.entitlements */ = {isa = PBXFileReference; lastKnownFileType = text.xml; path = MetadataOSX.entitlements; sourceTree = "<group>"; };
		CF49E62A196E257E00DBD501 /* FileSystemItem.m */ = {isa = PBXFileReference; fileEncoding = 4; lastKnownFileType = sourcecode.c.objc; path = FileSystemItem.m; sourceTree = "<group>"; };
		CF49E62B196E257E00DBD501 /* FileSystemItem.h */ = {isa = PBXFileReference; fileEncoding = 4; lastKnownFileType = sourcecode.c.h; path = FileSystemItem.h; sourceTree = "<group>"; };
		CF58C1AB196FB83C00C802C1 /* VWWMetadataController.h */ = {isa = PBXFileReference; fileEncoding = 4; lastKnownFileType = sourcecode.c.h; path = VWWMetadataController.h; sourceTree = "<group>"; };
		CF58C1AC196FB83C00C802C1 /* VWWMetadataController.m */ = {isa = PBXFileReference; fileEncoding = 4; lastKnownFileType = sourcecode.c.objc; path = VWWMetadataController.m; sourceTree = "<group>"; };
		CFC4F210196F72E300EC0575 /* VWWMetadataViewController.h */ = {isa = PBXFileReference; fileEncoding = 4; lastKnownFileType = sourcecode.c.h; path = VWWMetadataViewController.h; sourceTree = "<group>"; };
		CFC4F211196F72E300EC0575 /* VWWMetadataViewController.m */ = {isa = PBXFileReference; fileEncoding = 4; lastKnownFileType = sourcecode.c.objc; path = VWWMetadataViewController.m; sourceTree = "<group>"; };
		CFC4F213196FA9BB00EC0575 /* VWWReportViewController.h */ = {isa = PBXFileReference; fileEncoding = 4; lastKnownFileType = sourcecode.c.h; path = VWWReportViewController.h; sourceTree = "<group>"; };
		CFC4F214196FA9BB00EC0575 /* VWWReportViewController.m */ = {isa = PBXFileReference; fileEncoding = 4; lastKnownFileType = sourcecode.c.objc; path = VWWReportViewController.m; sourceTree = "<group>"; };
/* End PBXFileReference section */

/* Begin PBXFrameworksBuildPhase section */
		C6A9FB5E196CB3F9002F2767 /* Frameworks */ = {
			isa = PBXFrameworksBuildPhase;
			buildActionMask = 2147483647;
			files = (
				CF49E628196E23BD00DBD501 /* MapKit.framework in Frameworks */,
			);
			runOnlyForDeploymentPostprocessing = 0;
		};
		C6A9FB74196CB3F9002F2767 /* Frameworks */ = {
			isa = PBXFrameworksBuildPhase;
			buildActionMask = 2147483647;
			files = (
			);
			runOnlyForDeploymentPostprocessing = 0;
		};
/* End PBXFrameworksBuildPhase section */

/* Begin PBXGroup section */
		C6A9FB58196CB3F9002F2767 = {
			isa = PBXGroup;
			children = (
				CF49E627196E23BD00DBD501 /* MapKit.framework */,
				C6A9FB63196CB3F9002F2767 /* MetadataOSX */,
				C6A9FB7A196CB3F9002F2767 /* MetadataOSXTests */,
				C6A9FB62196CB3F9002F2767 /* Products */,
			);
			sourceTree = "<group>";
		};
		C6A9FB62196CB3F9002F2767 /* Products */ = {
			isa = PBXGroup;
			children = (
				C6A9FB61196CB3F9002F2767 /* Throwback.app */,
				C6A9FB77196CB3F9002F2767 /* ThrowbackTests.xctest */,
			);
			name = Products;
			sourceTree = "<group>";
		};
		C6A9FB63196CB3F9002F2767 /* MetadataOSX */ = {
			isa = PBXGroup;
			children = (
				CF49E62E196E273A00DBD501 /* Controller */,
				C6A9FB6E196CB3F9002F2767 /* Images.xcassets */,
				CF49E62D196E273400DBD501 /* Model */,
				C6A9FB64196CB3F9002F2767 /* Supporting Files */,
				CF49E633196E279B00DBD501 /* UserInterface */,
				CF49E632196E279400DBD501 /* View */,
			);
			path = MetadataOSX;
			sourceTree = "<group>";
		};
		C6A9FB64196CB3F9002F2767 /* Supporting Files */ = {
			isa = PBXGroup;
			children = (
				C6A9FB6B196CB3F9002F2767 /* AppDelegate.h */,
				C6A9FB6C196CB3F9002F2767 /* AppDelegate.m */,
				CF49E629196E23BD00DBD501 /* MetadataOSX.entitlements */,
				C6A9FB65196CB3F9002F2767 /* Info.plist */,
				C6A9FB66196CB3F9002F2767 /* main.m */,
			);
			name = "Supporting Files";
			sourceTree = "<group>";
		};
		C6A9FB7A196CB3F9002F2767 /* MetadataOSXTests */ = {
			isa = PBXGroup;
			children = (
				C6A9FB7D196CB3F9002F2767 /* MetadataOSXTests.m */,
				C6A9FB7B196CB3F9002F2767 /* Supporting Files */,
			);
			path = MetadataOSXTests;
			sourceTree = "<group>";
		};
		C6A9FB7B196CB3F9002F2767 /* Supporting Files */ = {
			isa = PBXGroup;
			children = (
				C6A9FB7C196CB3F9002F2767 /* Info.plist */,
			);
			name = "Supporting Files";
			sourceTree = "<group>";
		};
		CF49E62D196E273400DBD501 /* Model */ = {
			isa = PBXGroup;
			children = (
				C6A9FB87196CB5BB002F2767 /* VWWContentItem.h */,
				C6A9FB88196CB5BB002F2767 /* VWWContentItem.m */,
				CF49E62B196E257E00DBD501 /* FileSystemItem.h */,
				CF49E62A196E257E00DBD501 /* FileSystemItem.m */,
			);
			name = Model;
			sourceTree = "<group>";
		};
		CF49E62E196E273A00DBD501 /* Controller */ = {
			isa = PBXGroup;
			children = (
				CF49E630196E275600DBD501 /* NonGUI */,
				CF49E62F196E275200DBD501 /* GUI */,
			);
			name = Controller;
			sourceTree = "<group>";
		};
		CF49E62F196E275200DBD501 /* GUI */ = {
			isa = PBXGroup;
			children = (
				C608542A196DEED000A05614 /* VWWLocationSearchViewController.h */,
				C608542B196DEED000A05614 /* VWWLocationSearchViewController.m */,
				C6A9FB68196CB3F9002F2767 /* VWWMainViewController.h */,
				C6A9FB69196CB3F9002F2767 /* VWWMainViewController.m */,
				CFC4F210196F72E300EC0575 /* VWWMetadataViewController.h */,
				CFC4F211196F72E300EC0575 /* VWWMetadataViewController.m */,
				CFC4F213196FA9BB00EC0575 /* VWWReportViewController.h */,
				CFC4F214196FA9BB00EC0575 /* VWWReportViewController.m */,
				CF2D6FDD1970CA4100C6B9AE /* VWWPreferencesViewController.h */,
				CF2D6FDE1970CA4100C6B9AE /* VWWPreferencesViewController.m */,
				CF2D6FE01970CA4D00C6B9AE /* VWWHelpViewController.h */,
				CF2D6FE11970CA4D00C6B9AE /* VWWHelpViewController.m */,
			);
			name = GUI;
			sourceTree = "<group>";
		};
		CF49E630196E275600DBD501 /* NonGUI */ = {
			isa = PBXGroup;
			children = (
				CF49E631196E275E00DBD501 /* Location */,
				C6DF0D32196DB24800C48DB6 /* VWWPlacesController.h */,
				C6DF0D33196DB24800C48DB6 /* VWWPlacesController.m */,
				CF58C1AB196FB83C00C802C1 /* VWWMetadataController.h */,
				CF58C1AC196FB83C00C802C1 /* VWWMetadataController.m */,
			);
			name = NonGUI;
			sourceTree = "<group>";
		};
		CF49E631196E275E00DBD501 /* Location */ = {
			isa = PBXGroup;
			children = (
			);
			name = Location;
			sourceTree = "<group>";
		};
		CF49E632196E279400DBD501 /* View */ = {
			isa = PBXGroup;
			children = (
				C608542D196DF12700A05614 /* VWWBackgroundView.h */,
				C608542E196DF12700A05614 /* VWWBackgroundView.m */,
			);
			name = View;
			sourceTree = "<group>";
		};
		CF49E633196E279B00DBD501 /* UserInterface */ = {
			isa = PBXGroup;
			children = (
				C6A9FB70196CB3F9002F2767 /* Main.storyboard */,
			);
			name = UserInterface;
			sourceTree = "<group>";
		};
/* End PBXGroup section */

/* Begin PBXNativeTarget section */
		C6A9FB60196CB3F9002F2767 /* Throwback */ = {
			isa = PBXNativeTarget;
			buildConfigurationList = C6A9FB81196CB3F9002F2767 /* Build configuration list for PBXNativeTarget "Throwback" */;
			buildPhases = (
				C6A9FB5D196CB3F9002F2767 /* Sources */,
				C6A9FB5E196CB3F9002F2767 /* Frameworks */,
				C6A9FB5F196CB3F9002F2767 /* Resources */,
			);
			buildRules = (
			);
			dependencies = (
			);
			name = Throwback;
			productName = MetadataOSX;
			productReference = C6A9FB61196CB3F9002F2767 /* Throwback.app */;
			productType = "com.apple.product-type.application";
		};
		C6A9FB76196CB3F9002F2767 /* ThrowbackTests */ = {
			isa = PBXNativeTarget;
			buildConfigurationList = C6A9FB84196CB3F9002F2767 /* Build configuration list for PBXNativeTarget "ThrowbackTests" */;
			buildPhases = (
				C6A9FB73196CB3F9002F2767 /* Sources */,
				C6A9FB74196CB3F9002F2767 /* Frameworks */,
				C6A9FB75196CB3F9002F2767 /* Resources */,
			);
			buildRules = (
			);
			dependencies = (
				C6A9FB79196CB3F9002F2767 /* PBXTargetDependency */,
			);
			name = ThrowbackTests;
			productName = MetadataOSXTests;
			productReference = C6A9FB77196CB3F9002F2767 /* ThrowbackTests.xctest */;
			productType = "com.apple.product-type.bundle.unit-test";
		};
/* End PBXNativeTarget section */

/* Begin PBXProject section */
		C6A9FB59196CB3F9002F2767 /* Project object */ = {
			isa = PBXProject;
			attributes = {
				LastUpgradeCheck = 0600;
				ORGANIZATIONNAME = "Zakk Hoyt";
				TargetAttributes = {
					C6A9FB60196CB3F9002F2767 = {
						CreatedOnToolsVersion = 6.0;
						DevelopmentTeam = F2M6E998ZE;
						SystemCapabilities = {
							com.apple.Maps.Mac = {
								enabled = 1;
							};
						};
					};
					C6A9FB76196CB3F9002F2767 = {
						CreatedOnToolsVersion = 6.0;
						TestTargetID = C6A9FB60196CB3F9002F2767;
					};
				};
			};
			buildConfigurationList = C6A9FB5C196CB3F9002F2767 /* Build configuration list for PBXProject "Throwback" */;
			compatibilityVersion = "Xcode 3.2";
			developmentRegion = English;
			hasScannedForEncodings = 0;
			knownRegions = (
				en,
				Base,
			);
			mainGroup = C6A9FB58196CB3F9002F2767;
			productRefGroup = C6A9FB62196CB3F9002F2767 /* Products */;
			projectDirPath = "";
			projectRoot = "";
			targets = (
				C6A9FB60196CB3F9002F2767 /* Throwback */,
				C6A9FB76196CB3F9002F2767 /* ThrowbackTests */,
			);
		};
/* End PBXProject section */

/* Begin PBXResourcesBuildPhase section */
		C6A9FB5F196CB3F9002F2767 /* Resources */ = {
			isa = PBXResourcesBuildPhase;
			buildActionMask = 2147483647;
			files = (
				C6A9FB6F196CB3F9002F2767 /* Images.xcassets in Resources */,
				C6A9FB72196CB3F9002F2767 /* Main.storyboard in Resources */,
			);
			runOnlyForDeploymentPostprocessing = 0;
		};
		C6A9FB75196CB3F9002F2767 /* Resources */ = {
			isa = PBXResourcesBuildPhase;
			buildActionMask = 2147483647;
			files = (
			);
			runOnlyForDeploymentPostprocessing = 0;
		};
/* End PBXResourcesBuildPhase section */

/* Begin PBXSourcesBuildPhase section */
		C6A9FB5D196CB3F9002F2767 /* Sources */ = {
			isa = PBXSourcesBuildPhase;
			buildActionMask = 2147483647;
			files = (
				C6DF0D34196DB24800C48DB6 /* VWWPlacesController.m in Sources */,
				C6A9FB6A196CB3F9002F2767 /* VWWMainViewController.m in Sources */,
				CF2D6FDF1970CA4100C6B9AE /* VWWPreferencesViewController.m in Sources */,
				C608542C196DEED000A05614 /* VWWLocationSearchViewController.m in Sources */,
				CFC4F212196F72E300EC0575 /* VWWMetadataViewController.m in Sources */,
				C6A9FB89196CB5BB002F2767 /* VWWContentItem.m in Sources */,
				C608542F196DF12700A05614 /* VWWBackgroundView.m in Sources */,
				C6A9FB67196CB3F9002F2767 /* main.m in Sources */,
				CFC4F216196FA9BB00EC0575 /* VWWReportViewController.m in Sources */,
				CF58C1AD196FB83C00C802C1 /* VWWMetadataController.m in Sources */,
				C6A9FB6D196CB3F9002F2767 /* AppDelegate.m in Sources */,
				CF2D6FE31970CA4E00C6B9AE /* VWWHelpViewController.m in Sources */,
				CF49E62C196E257E00DBD501 /* FileSystemItem.m in Sources */,
			);
			runOnlyForDeploymentPostprocessing = 0;
		};
		C6A9FB73196CB3F9002F2767 /* Sources */ = {
			isa = PBXSourcesBuildPhase;
			buildActionMask = 2147483647;
			files = (
				C6A9FB7E196CB3F9002F2767 /* MetadataOSXTests.m in Sources */,
			);
			runOnlyForDeploymentPostprocessing = 0;
		};
/* End PBXSourcesBuildPhase section */

/* Begin PBXTargetDependency section */
		C6A9FB79196CB3F9002F2767 /* PBXTargetDependency */ = {
			isa = PBXTargetDependency;
			target = C6A9FB60196CB3F9002F2767 /* Throwback */;
			targetProxy = C6A9FB78196CB3F9002F2767 /* PBXContainerItemProxy */;
		};
/* End PBXTargetDependency section */

/* Begin PBXVariantGroup section */
		C6A9FB70196CB3F9002F2767 /* Main.storyboard */ = {
			isa = PBXVariantGroup;
			children = (
				C6A9FB71196CB3F9002F2767 /* Base */,
			);
			name = Main.storyboard;
			sourceTree = "<group>";
		};
/* End PBXVariantGroup section */

/* Begin XCBuildConfiguration section */
		C6A9FB7F196CB3F9002F2767 /* Debug */ = {
			isa = XCBuildConfiguration;
			buildSettings = {
				ALWAYS_SEARCH_USER_PATHS = NO;
				CLANG_CXX_LANGUAGE_STANDARD = "gnu++0x";
				CLANG_CXX_LIBRARY = "libc++";
				CLANG_ENABLE_MODULES = YES;
				CLANG_ENABLE_OBJC_ARC = YES;
				CLANG_WARN_BOOL_CONVERSION = YES;
				CLANG_WARN_CONSTANT_CONVERSION = YES;
				CLANG_WARN_DIRECT_OBJC_ISA_USAGE = YES_ERROR;
				CLANG_WARN_EMPTY_BODY = YES;
				CLANG_WARN_ENUM_CONVERSION = YES;
				CLANG_WARN_INT_CONVERSION = YES;
				CLANG_WARN_OBJC_ROOT_CLASS = YES_ERROR;
				CLANG_WARN_UNREACHABLE_CODE = YES;
				CLANG_WARN__DUPLICATE_METHOD_MATCH = YES;
				CODE_SIGN_IDENTITY = "-";
				COPY_PHASE_STRIP = NO;
				ENABLE_STRICT_OBJC_MSGSEND = YES;
				GCC_C_LANGUAGE_STANDARD = gnu99;
				GCC_DYNAMIC_NO_PIC = NO;
				GCC_OPTIMIZATION_LEVEL = 0;
				GCC_PREPROCESSOR_DEFINITIONS = (
					"DEBUG=1",
					"$(inherited)",
				);
				GCC_SYMBOLS_PRIVATE_EXTERN = NO;
				GCC_WARN_64_TO_32_BIT_CONVERSION = YES;
				GCC_WARN_ABOUT_RETURN_TYPE = YES_ERROR;
				GCC_WARN_UNDECLARED_SELECTOR = YES;
				GCC_WARN_UNINITIALIZED_AUTOS = YES_AGGRESSIVE;
				GCC_WARN_UNUSED_FUNCTION = YES;
				GCC_WARN_UNUSED_VARIABLE = YES;
				MACOSX_DEPLOYMENT_TARGET = 10.10;
				MTL_ENABLE_DEBUG_INFO = YES;
				ONLY_ACTIVE_ARCH = YES;
				SDKROOT = macosx10.10;
			};
			name = Debug;
		};
		C6A9FB80196CB3F9002F2767 /* Release */ = {
			isa = XCBuildConfiguration;
			buildSettings = {
				ALWAYS_SEARCH_USER_PATHS = NO;
				CLANG_CXX_LANGUAGE_STANDARD = "gnu++0x";
				CLANG_CXX_LIBRARY = "libc++";
				CLANG_ENABLE_MODULES = YES;
				CLANG_ENABLE_OBJC_ARC = YES;
				CLANG_WARN_BOOL_CONVERSION = YES;
				CLANG_WARN_CONSTANT_CONVERSION = YES;
				CLANG_WARN_DIRECT_OBJC_ISA_USAGE = YES_ERROR;
				CLANG_WARN_EMPTY_BODY = YES;
				CLANG_WARN_ENUM_CONVERSION = YES;
				CLANG_WARN_INT_CONVERSION = YES;
				CLANG_WARN_OBJC_ROOT_CLASS = YES_ERROR;
				CLANG_WARN_UNREACHABLE_CODE = YES;
				CLANG_WARN__DUPLICATE_METHOD_MATCH = YES;
				CODE_SIGN_IDENTITY = "-";
				COPY_PHASE_STRIP = YES;
				DEBUG_INFORMATION_FORMAT = "dwarf-with-dsym";
				ENABLE_NS_ASSERTIONS = NO;
				ENABLE_STRICT_OBJC_MSGSEND = YES;
				GCC_C_LANGUAGE_STANDARD = gnu99;
				GCC_WARN_64_TO_32_BIT_CONVERSION = YES;
				GCC_WARN_ABOUT_RETURN_TYPE = YES_ERROR;
				GCC_WARN_UNDECLARED_SELECTOR = YES;
				GCC_WARN_UNINITIALIZED_AUTOS = YES_AGGRESSIVE;
				GCC_WARN_UNUSED_FUNCTION = YES;
				GCC_WARN_UNUSED_VARIABLE = YES;
				MACOSX_DEPLOYMENT_TARGET = 10.10;
				MTL_ENABLE_DEBUG_INFO = NO;
				SDKROOT = macosx10.10;
			};
			name = Release;
		};
		C6A9FB82196CB3F9002F2767 /* Debug */ = {
			isa = XCBuildConfiguration;
			buildSettings = {
				ASSETCATALOG_COMPILER_APPICON_NAME = AppIcon;
				CODE_SIGN_ENTITLEMENTS = MetadataOSX/MetadataOSX.entitlements;
				CODE_SIGN_IDENTITY = "Mac Developer";
				"CODE_SIGN_IDENTITY[sdk=macosx*]" = "Mac Developer";
				COMBINE_HIDPI_IMAGES = YES;
				INFOPLIST_FILE = MetadataOSX/Info.plist;
				LD_RUNPATH_SEARCH_PATHS = "$(inherited) @executable_path/../Frameworks";
				MACOSX_DEPLOYMENT_TARGET = 10.10;
				PRODUCT_NAME = Throwback;
				PROVISIONING_PROFILE = "";
				SDKROOT = macosx10.10;
			};
			name = Debug;
		};
		C6A9FB83196CB3F9002F2767 /* Release */ = {
			isa = XCBuildConfiguration;
			buildSettings = {
				ASSETCATALOG_COMPILER_APPICON_NAME = AppIcon;
				CODE_SIGN_ENTITLEMENTS = MetadataOSX/MetadataOSX.entitlements;
				CODE_SIGN_IDENTITY = "Mac Developer";
				"CODE_SIGN_IDENTITY[sdk=macosx*]" = "Mac Developer";
				COMBINE_HIDPI_IMAGES = YES;
				INFOPLIST_FILE = MetadataOSX/Info.plist;
				LD_RUNPATH_SEARCH_PATHS = "$(inherited) @executable_path/../Frameworks";
				MACOSX_DEPLOYMENT_TARGET = 10.10;
				PRODUCT_NAME = Throwback;
				PROVISIONING_PROFILE = "";
				SDKROOT = macosx10.10;
			};
			name = Release;
		};
		C6A9FB85196CB3F9002F2767 /* Debug */ = {
			isa = XCBuildConfiguration;
			buildSettings = {
				BUNDLE_LOADER = "$(BUILT_PRODUCTS_DIR)/MetadataOSX.app/Contents/MacOS/MetadataOSX";
				COMBINE_HIDPI_IMAGES = YES;
				FRAMEWORK_SEARCH_PATHS = (
					"$(DEVELOPER_FRAMEWORKS_DIR)",
					"$(inherited)",
				);
				GCC_PREPROCESSOR_DEFINITIONS = (
					"DEBUG=1",
					"$(inherited)",
				);
				INFOPLIST_FILE = MetadataOSXTests/Info.plist;
				LD_RUNPATH_SEARCH_PATHS = "$(inherited) @executable_path/../Frameworks @loader_path/../Frameworks";
				PRODUCT_NAME = ThrowbackTests;
				TEST_HOST = "$(BUNDLE_LOADER)";
			};
			name = Debug;
		};
		C6A9FB86196CB3F9002F2767 /* Release */ = {
			isa = XCBuildConfiguration;
			buildSettings = {
				BUNDLE_LOADER = "$(BUILT_PRODUCTS_DIR)/MetadataOSX.app/Contents/MacOS/MetadataOSX";
				COMBINE_HIDPI_IMAGES = YES;
				FRAMEWORK_SEARCH_PATHS = (
					"$(DEVELOPER_FRAMEWORKS_DIR)",
					"$(inherited)",
				);
				INFOPLIST_FILE = MetadataOSXTests/Info.plist;
				LD_RUNPATH_SEARCH_PATHS = "$(inherited) @executable_path/../Frameworks @loader_path/../Frameworks";
				PRODUCT_NAME = ThrowbackTests;
				TEST_HOST = "$(BUNDLE_LOADER)";
			};
			name = Release;
		};
/* End XCBuildConfiguration section */

/* Begin XCConfigurationList section */
		C6A9FB5C196CB3F9002F2767 /* Build configuration list for PBXProject "Throwback" */ = {
			isa = XCConfigurationList;
			buildConfigurations = (
				C6A9FB7F196CB3F9002F2767 /* Debug */,
				C6A9FB80196CB3F9002F2767 /* Release */,
			);
			defaultConfigurationIsVisible = 0;
			defaultConfigurationName = Release;
		};
		C6A9FB81196CB3F9002F2767 /* Build configuration list for PBXNativeTarget "Throwback" */ = {
			isa = XCConfigurationList;
			buildConfigurations = (
				C6A9FB82196CB3F9002F2767 /* Debug */,
				C6A9FB83196CB3F9002F2767 /* Release */,
			);
			defaultConfigurationIsVisible = 0;
			defaultConfigurationName = Release;
		};
		C6A9FB84196CB3F9002F2767 /* Build configuration list for PBXNativeTarget "ThrowbackTests" */ = {
			isa = XCConfigurationList;
			buildConfigurations = (
				C6A9FB85196CB3F9002F2767 /* Debug */,
				C6A9FB86196CB3F9002F2767 /* Release */,
			);
			defaultConfigurationIsVisible = 0;
			defaultConfigurationName = Release;
		};
/* End XCConfigurationList section */
	};
	rootObject = C6A9FB59196CB3F9002F2767 /* Project object */;
}
